
Microsoft Visual Studio Solution File, Format Version 12.00
# Visual Studio Version 16
VisualStudioVersion = 16.0.31729.503
MinimumVisualStudioVersion = 10.0.40219.1
Project("{FAE04EC0-301F-11D3-BF4B-00C04F79EFBC}") = "WebApp12", "WebApp12\WebApp12.csproj", "{37927A52-C164-4C4B-B147-28AAF7B6D9D3}"
EndProject
Global
	GlobalSection(SolutionConfigurationPlatforms) = preSolution
		Debug|Any CPU = Debug|Any CPU
		Release|Any CPU = Release|Any CPU
	EndGlobalSection
	GlobalSection(ProjectConfigurationPlatforms) = postSolution
		{37927A52-C164-4C4B-B147-28AAF7B6D9D3}.Debug|Any CPU.ActiveCfg = Debug|Any CPU
		{37927A52-C164-4C4B-B147-28AAF7B6D9D3}.Debug|Any CPU.Build.0 = Debug|Any CPU
		{37927A52-C164-4C4B-B147-28AAF7B6D9D3}.Release|Any CPU.ActiveCfg = Release|Any CPU
		{37927A52-C164-4C4B-B147-28AAF7B6D9D3}.Release|Any CPU.Build.0 = Release|Any CPU
	EndGlobalSection
	GlobalSection(SolutionProperties) = preSolution
		HideSolutionNode = FALSE
	EndGlobalSection
	GlobalSection(ExtensibilityGlobals) = postSolution
		SolutionGuid = {6CBD5E12-4F0C-4AC5-AD65-7DAB16599A03}
	EndGlobalSection
EndGlobal
