
Microsoft Visual Studio Solution File, Format Version 12.00
# Visual Studio Version 16
VisualStudioVersion = 16.0.31729.503
MinimumVisualStudioVersion = 10.0.40219.1
Project("{FAE04EC0-301F-11D3-BF4B-00C04F79EFBC}") = "WebApplication1", "WebApplication1\WebApplication1.csproj", "{341B2990-964F-4096-9849-908C9480A01B}"
EndProject
Global
	GlobalSection(SolutionConfigurationPlatforms) = preSolution
		Debug|Any CPU = Debug|Any CPU
		Release|Any CPU = Release|Any CPU
	EndGlobalSection
	GlobalSection(ProjectConfigurationPlatforms) = postSolution
		{341B2990-964F-4096-9849-908C9480A01B}.Debug|Any CPU.ActiveCfg = Debug|Any CPU
		{341B2990-964F-4096-9849-908C9480A01B}.Debug|Any CPU.Build.0 = Debug|Any CPU
		{341B2990-964F-4096-9849-908C9480A01B}.Release|Any CPU.ActiveCfg = Release|Any CPU
		{341B2990-964F-4096-9849-908C9480A01B}.Release|Any CPU.Build.0 = Release|Any CPU
	EndGlobalSection
	GlobalSection(SolutionProperties) = preSolution
		HideSolutionNode = FALSE
	EndGlobalSection
	GlobalSection(ExtensibilityGlobals) = postSolution
		SolutionGuid = {55195848-7CF3-410D-A54B-682036AA7E35}
	EndGlobalSection
EndGlobal
